// !$*UTF8*$!
{
	archiveVersion = 1;
	classes = {
	};
	objectVersion = 56;
	objects = {

/* Begin PBXBuildFile section */
		D38708332D33D295007EFF77 /* AppDelegate.swift in Sources */ = {isa = PBXBuildFile; fileRef = D38708322D33D295007EFF77 /* AppDelegate.swift */; };
		D38708352D33D295007EFF77 /* SceneDelegate.swift in Sources */ = {isa = PBXBuildFile; fileRef = D38708342D33D295007EFF77 /* SceneDelegate.swift */; };
		D38708372D33D295007EFF77 /* CocktailViewController.swift in Sources */ = {isa = PBXBuildFile; fileRef = D38708362D33D295007EFF77 /* CocktailViewController.swift */; };
		D387083A2D33D295007EFF77 /* Cocktail.storyboard in Resources */ = {isa = PBXBuildFile; fileRef = D38708382D33D295007EFF77 /* Cocktail.storyboard */; };
		D387083C2D33D297007EFF77 /* Assets.xcassets in Resources */ = {isa = PBXBuildFile; fileRef = D387083B2D33D297007EFF77 /* Assets.xcassets */; };
		D387083F2D33D297007EFF77 /* LaunchScreen.storyboard in Resources */ = {isa = PBXBuildFile; fileRef = D387083D2D33D297007EFF77 /* LaunchScreen.storyboard */; };
/* End PBXBuildFile section */

/* Begin PBXFileReference section */
		D387082F2D33D295007EFF77 /* Lecture17.app */ = {isa = PBXFileReference; explicitFileType = wrapper.application; includeInIndex = 0; path = Lecture17.app; sourceTree = BUILT_PRODUCTS_DIR; };
		D38708322D33D295007EFF77 /* AppDelegate.swift */ = {isa = PBXFileReference; lastKnownFileType = sourcecode.swift; path = AppDelegate.swift; sourceTree = "<group>"; };
		D38708342D33D295007EFF77 /* SceneDelegate.swift */ = {isa = PBXFileReference; lastKnownFileType = sourcecode.swift; path = SceneDelegate.swift; sourceTree = "<group>"; };
		D38708362D33D295007EFF77 /* CocktailViewController.swift */ = {isa = PBXFileReference; lastKnownFileType = sourcecode.swift; path = CocktailViewController.swift; sourceTree = "<group>"; };
		D38708392D33D295007EFF77 /* Base */ = {isa = PBXFileReference; lastKnownFileType = file.storyboard; name = Base; path = Base.lproj/Cocktail.storyboard; sourceTree = "<group>"; };
		D387083B2D33D297007EFF77 /* Assets.xcassets */ = {isa = PBXFileReference; lastKnownFileType = folder.assetcatalog; path = Assets.xcassets; sourceTree = "<group>"; };
		D387083E2D33D297007EFF77 /* Base */ = {isa = PBXFileReference; lastKnownFileType = file.storyboard; name = Base; path = Base.lproj/LaunchScreen.storyboard; sourceTree = "<group>"; };
		D38708402D33D297007EFF77 /* Info.plist */ = {isa = PBXFileReference; lastKnownFileType = text.plist.xml; path = Info.plist; sourceTree = "<group>"; };
/* End PBXFileReference section */

/* Begin PBXFrameworksBuildPhase section */
		D387082C2D33D295007EFF77 /* Frameworks */ = {
			isa = PBXFrameworksBuildPhase;
			buildActionMask = 2147483647;
			files = (
			);
			runOnlyForDeploymentPostprocessing = 0;
		};
/* End PBXFrameworksBuildPhase section */

/* Begin PBXGroup section */
		D38708262D33D295007EFF77 = {
			isa = PBXGroup;
			children = (
				D38708312D33D295007EFF77 /* Lecture17 */,
				D38708302D33D295007EFF77 /* Products */,
			);
			sourceTree = "<group>";
		};
		D38708302D33D295007EFF77 /* Products */ = {
			isa = PBXGroup;
			children = (
				D387082F2D33D295007EFF77 /* Lecture17.app */,
			);
			name = Products;
			sourceTree = "<group>";
		};
		D38708312D33D295007EFF77 /* Lecture17 */ = {
			isa = PBXGroup;
			children = (
				D38708462D33D50C007EFF77 /* App */,
				D38708492D33D535007EFF77 /* Scenes */,
				D38708472D33D514007EFF77 /* Resources */,
				D38708482D33D51B007EFF77 /* SupportingFiles */,
			);
			path = Lecture17;
			sourceTree = "<group>";
		};
		D38708462D33D50C007EFF77 /* App */ = {
			isa = PBXGroup;
			children = (
				D38708322D33D295007EFF77 /* AppDelegate.swift */,
				D38708342D33D295007EFF77 /* SceneDelegate.swift */,
			);
			path = App;
			sourceTree = "<group>";
		};
		D38708472D33D514007EFF77 /* Resources */ = {
			isa = PBXGroup;
			children = (
				D387083B2D33D297007EFF77 /* Assets.xcassets */,
			);
			path = Resources;
			sourceTree = "<group>";
		};
		D38708482D33D51B007EFF77 /* SupportingFiles */ = {
			isa = PBXGroup;
			children = (
				D38708402D33D297007EFF77 /* Info.plist */,
			);
			path = SupportingFiles;
			sourceTree = "<group>";
		};
		D38708492D33D535007EFF77 /* Scenes */ = {
			isa = PBXGroup;
			children = (
				D387084A2D33D544007EFF77 /* Launch */,
				D387084B2D33D556007EFF77 /* Cocktail */,
			);
			path = Scenes;
			sourceTree = "<group>";
		};
		D387084A2D33D544007EFF77 /* Launch */ = {
			isa = PBXGroup;
			children = (
				D387083D2D33D297007EFF77 /* LaunchScreen.storyboard */,
			);
			path = Launch;
			sourceTree = "<group>";
		};
		D387084B2D33D556007EFF77 /* Cocktail */ = {
			isa = PBXGroup;
			children = (
				D38708362D33D295007EFF77 /* CocktailViewController.swift */,
				D38708382D33D295007EFF77 /* Cocktail.storyboard */,
			);
			path = Cocktail;
			sourceTree = "<group>";
		};
/* End PBXGroup section */

/* Begin PBXNativeTarget section */
		D387082E2D33D295007EFF77 /* Lecture17 */ = {
			isa = PBXNativeTarget;
			buildConfigurationList = D38708432D33D297007EFF77 /* Build configuration list for PBXNativeTarget "Lecture17" */;
			buildPhases = (
				D387082B2D33D295007EFF77 /* Sources */,
				D387082C2D33D295007EFF77 /* Frameworks */,
				D387082D2D33D295007EFF77 /* Resources */,
			);
			buildRules = (
			);
			dependencies = (
			);
			name = Lecture17;
			productName = Lecture17;
			productReference = D387082F2D33D295007EFF77 /* Lecture17.app */;
			productType = "com.apple.product-type.application";
		};
/* End PBXNativeTarget section */

/* Begin PBXProject section */
		D38708272D33D295007EFF77 /* Project object */ = {
			isa = PBXProject;
			attributes = {
				BuildIndependentTargetsInParallel = 1;
				LastSwiftUpdateCheck = 1400;
				LastUpgradeCheck = 1400;
				TargetAttributes = {
					D387082E2D33D295007EFF77 = {
						CreatedOnToolsVersion = 14.0.1;
					};
				};
			};
			buildConfigurationList = D387082A2D33D295007EFF77 /* Build configuration list for PBXProject "Lecture17" */;
			compatibilityVersion = "Xcode 14.0";
			developmentRegion = en;
			hasScannedForEncodings = 0;
			knownRegions = (
				en,
				Base,
			);
			mainGroup = D38708262D33D295007EFF77;
			productRefGroup = D38708302D33D295007EFF77 /* Products */;
			projectDirPath = "";
			projectRoot = "";
			targets = (
				D387082E2D33D295007EFF77 /* Lecture17 */,
			);
		};
/* End PBXProject section */

/* Begin PBXResourcesBuildPhase section */
		D387082D2D33D295007EFF77 /* Resources */ = {
			isa = PBXResourcesBuildPhase;
			buildActionMask = 2147483647;
			files = (
				D387083F2D33D297007EFF77 /* LaunchScreen.storyboard in Resources */,
				D387083C2D33D297007EFF77 /* Assets.xcassets in Resources */,
				D387083A2D33D295007EFF77 /* Cocktail.storyboard in Resources */,
			);
			runOnlyForDeploymentPostprocessing = 0;
		};
/* End PBXResourcesBuildPhase section */

/* Begin PBXSourcesBuildPhase section */
		D387082B2D33D295007EFF77 /* Sources */ = {
			isa = PBXSourcesBuildPhase;
			buildActionMask = 2147483647;
			files = (
				D38708372D33D295007EFF77 /* CocktailViewController.swift in Sources */,
				D38708332D33D295007EFF77 /* AppDelegate.swift in Sources */,
				D38708352D33D295007EFF77 /* SceneDelegate.swift in Sources */,
			);
			runOnlyForDeploymentPostprocessing = 0;
		};
/* End PBXSourcesBuildPhase section */

/* Begin PBXVariantGroup section */
		D38708382D33D295007EFF77 /* Cocktail.storyboard */ = {
			isa = PBXVariantGroup;
			children = (
				D38708392D33D295007EFF77 /* Base */,
			);
			name = Cocktail.storyboard;
			sourceTree = "<group>";
		};
		D387083D2D33D297007EFF77 /* LaunchScreen.storyboard */ = {
			isa = PBXVariantGroup;
			children = (
				D387083E2D33D297007EFF77 /* Base */,
			);
			name = LaunchScreen.storyboard;
			sourceTree = "<group>";
		};
/* End PBXVariantGroup section */

/* Begin XCBuildConfiguration section */
		D38708412D33D297007EFF77 /* Debug */ = {
			isa = XCBuildConfiguration;
			buildSettings = {
				ALWAYS_SEARCH_USER_PATHS = NO;
				CLANG_ANALYZER_NONNULL = YES;
				CLANG_ANALYZER_NUMBER_OBJECT_CONVERSION = YES_AGGRESSIVE;
				CLANG_CXX_LANGUAGE_STANDARD = "gnu++20";
				CLANG_ENABLE_MODULES = YES;
				CLANG_ENABLE_OBJC_ARC = YES;
				CLANG_ENABLE_OBJC_WEAK = YES;
				CLANG_WARN_BLOCK_CAPTURE_AUTORELEASING = YES;
				CLANG_WARN_BOOL_CONVERSION = YES;
				CLANG_WARN_COMMA = YES;
				CLANG_WARN_CONSTANT_CONVERSION = YES;
				CLANG_WARN_DEPRECATED_OBJC_IMPLEMENTATIONS = YES;
				CLANG_WARN_DIRECT_OBJC_ISA_USAGE = YES_ERROR;
				CLANG_WARN_DOCUMENTATION_COMMENTS = YES;
				CLANG_WARN_EMPTY_BODY = YES;
				CLANG_WARN_ENUM_CONVERSION = YES;
				CLANG_WARN_INFINITE_RECURSION = YES;
				CLANG_WARN_INT_CONVERSION = YES;
				CLANG_WARN_NON_LITERAL_NULL_CONVERSION = YES;
				CLANG_WARN_OBJC_IMPLICIT_RETAIN_SELF = YES;
				CLANG_WARN_OBJC_LITERAL_CONVERSION = YES;
				CLANG_WARN_OBJC_ROOT_CLASS = YES_ERROR;
				CLANG_WARN_QUOTED_INCLUDE_IN_FRAMEWORK_HEADER = YES;
				CLANG_WARN_RANGE_LOOP_ANALYSIS = YES;
				CLANG_WARN_STRICT_PROTOTYPES = YES;
				CLANG_WARN_SUSPICIOUS_MOVE = YES;
				CLANG_WARN_UNGUARDED_AVAILABILITY = YES_AGGRESSIVE;
				CLANG_WARN_UNREACHABLE_CODE = YES;
				CLANG_WARN__DUPLICATE_METHOD_MATCH = YES;
				COPY_PHASE_STRIP = NO;
				DEBUG_INFORMATION_FORMAT = dwarf;
				ENABLE_STRICT_OBJC_MSGSEND = YES;
				ENABLE_TESTABILITY = YES;
				GCC_C_LANGUAGE_STANDARD = gnu11;
				GCC_DYNAMIC_NO_PIC = NO;
				GCC_NO_COMMON_BLOCKS = YES;
				GCC_OPTIMIZATION_LEVEL = 0;
				GCC_PREPROCESSOR_DEFINITIONS = (
					"DEBUG=1",
					"$(inherited)",
				);
				GCC_WARN_64_TO_32_BIT_CONVERSION = YES;
				GCC_WARN_ABOUT_RETURN_TYPE = YES_ERROR;
				GCC_WARN_UNDECLARED_SELECTOR = YES;
				GCC_WARN_UNINITIALIZED_AUTOS = YES_AGGRESSIVE;
				GCC_WARN_UNUSED_FUNCTION = YES;
				GCC_WARN_UNUSED_VARIABLE = YES;
				IPHONEOS_DEPLOYMENT_TARGET = 16.0;
				MTL_ENABLE_DEBUG_INFO = INCLUDE_SOURCE;
				MTL_FAST_MATH = YES;
				ONLY_ACTIVE_ARCH = YES;
				SDKROOT = iphoneos;
				SWIFT_ACTIVE_COMPILATION_CONDITIONS = DEBUG;
				SWIFT_OPTIMIZATION_LEVEL = "-Onone";
			};
			name = Debug;
		};
		D38708422D33D297007EFF77 /* Release */ = {
			isa = XCBuildConfiguration;
			buildSettings = {
				ALWAYS_SEARCH_USER_PATHS = NO;
				CLANG_ANALYZER_NONNULL = YES;
				CLANG_ANALYZER_NUMBER_OBJECT_CONVERSION = YES_AGGRESSIVE;
				CLANG_CXX_LANGUAGE_STANDARD = "gnu++20";
				CLANG_ENABLE_MODULES = YES;
				CLANG_ENABLE_OBJC_ARC = YES;
				CLANG_ENABLE_OBJC_WEAK = YES;
				CLANG_WARN_BLOCK_CAPTURE_AUTORELEASING = YES;
				CLANG_WARN_BOOL_CONVERSION = YES;
				CLANG_WARN_COMMA = YES;
				CLANG_WARN_CONSTANT_CONVERSION = YES;
				CLANG_WARN_DEPRECATED_OBJC_IMPLEMENTATIONS = YES;
				CLANG_WARN_DIRECT_OBJC_ISA_USAGE = YES_ERROR;
				CLANG_WARN_DOCUMENTATION_COMMENTS = YES;
				CLANG_WARN_EMPTY_BODY = YES;
				CLANG_WARN_ENUM_CONVERSION = YES;
				CLANG_WARN_INFINITE_RECURSION = YES;
				CLANG_WARN_INT_CONVERSION = YES;
				CLANG_WARN_NON_LITERAL_NULL_CONVERSION = YES;
				CLANG_WARN_OBJC_IMPLICIT_RETAIN_SELF = YES;
				CLANG_WARN_OBJC_LITERAL_CONVERSION = YES;
				CLANG_WARN_OBJC_ROOT_CLASS = YES_ERROR;
				CLANG_WARN_QUOTED_INCLUDE_IN_FRAMEWORK_HEADER = YES;
				CLANG_WARN_RANGE_LOOP_ANALYSIS = YES;
				CLANG_WARN_STRICT_PROTOTYPES = YES;
				CLANG_WARN_SUSPICIOUS_MOVE = YES;
				CLANG_WARN_UNGUARDED_AVAILABILITY = YES_AGGRESSIVE;
				CLANG_WARN_UNREACHABLE_CODE = YES;
				CLANG_WARN__DUPLICATE_METHOD_MATCH = YES;
				COPY_PHASE_STRIP = NO;
				DEBUG_INFORMATION_FORMAT = "dwarf-with-dsym";
				ENABLE_NS_ASSERTIONS = NO;
				ENABLE_STRICT_OBJC_MSGSEND = YES;
				GCC_C_LANGUAGE_STANDARD = gnu11;
				GCC_NO_COMMON_BLOCKS = YES;
				GCC_WARN_64_TO_32_BIT_CONVERSION = YES;
				GCC_WARN_ABOUT_RETURN_TYPE = YES_ERROR;
				GCC_WARN_UNDECLARED_SELECTOR = YES;
				GCC_WARN_UNINITIALIZED_AUTOS = YES_AGGRESSIVE;
				GCC_WARN_UNUSED_FUNCTION = YES;
				GCC_WARN_UNUSED_VARIABLE = YES;
				IPHONEOS_DEPLOYMENT_TARGET = 16.0;
				MTL_ENABLE_DEBUG_INFO = NO;
				MTL_FAST_MATH = YES;
				SDKROOT = iphoneos;
				SWIFT_COMPILATION_MODE = wholemodule;
				SWIFT_OPTIMIZATION_LEVEL = "-O";
				VALIDATE_PRODUCT = YES;
			};
			name = Release;
		};
		D38708442D33D297007EFF77 /* Debug */ = {
			isa = XCBuildConfiguration;
			buildSettings = {
				ASSETCATALOG_COMPILER_APPICON_NAME = AppIcon;
				ASSETCATALOG_COMPILER_GLOBAL_ACCENT_COLOR_NAME = AccentColor;
				CODE_SIGN_STYLE = Automatic;
				CURRENT_PROJECT_VERSION = 1;
				GENERATE_INFOPLIST_FILE = YES;
				INFOPLIST_FILE = Lecture17/SupportingFiles/Info.plist;
				INFOPLIST_KEY_UIApplicationSupportsIndirectInputEvents = YES;
				INFOPLIST_KEY_UILaunchStoryboardName = LaunchScreen;
				INFOPLIST_KEY_UIMainStoryboardFile = Cocktail;
				INFOPLIST_KEY_UISupportedInterfaceOrientations_iPad = "UIInterfaceOrientationPortrait UIInterfaceOrientationPortraitUpsideDown UIInterfaceOrientationLandscapeLeft UIInterfaceOrientationLandscapeRight";
				INFOPLIST_KEY_UISupportedInterfaceOrientations_iPhone = "UIInterfaceOrientationPortrait UIInterfaceOrientationLandscapeLeft UIInterfaceOrientationLandscapeRight";
				LD_RUNPATH_SEARCH_PATHS = (
					"$(inherited)",
					"@executable_path/Frameworks",
				);
				MARKETING_VERSION = 1.0;
				PRODUCT_BUNDLE_IDENTIFIER = lizi.chichua.Lecture17;
				PRODUCT_NAME = "$(TARGET_NAME)";
				SWIFT_EMIT_LOC_STRINGS = YES;
				SWIFT_VERSION = 5.0;
				TARGETED_DEVICE_FAMILY = "1,2";
			};
			name = Debug;
		};
		D38708452D33D297007EFF77 /* Release */ = {
			isa = XCBuildConfiguration;
			buildSettings = {
				ASSETCATALOG_COMPILER_APPICON_NAME = AppIcon;
				ASSETCATALOG_COMPILER_GLOBAL_ACCENT_COLOR_NAME = AccentColor;
				CODE_SIGN_STYLE = Automatic;
				CURRENT_PROJECT_VERSION = 1;
				GENERATE_INFOPLIST_FILE = YES;
				INFOPLIST_FILE = Lecture17/SupportingFiles/Info.plist;
				INFOPLIST_KEY_UIApplicationSupportsIndirectInputEvents = YES;
				INFOPLIST_KEY_UILaunchStoryboardName = LaunchScreen;
				INFOPLIST_KEY_UIMainStoryboardFile = Cocktail;
				INFOPLIST_KEY_UISupportedInterfaceOrientations_iPad = "UIInterfaceOrientationPortrait UIInterfaceOrientationPortraitUpsideDown UIInterfaceOrientationLandscapeLeft UIInterfaceOrientationLandscapeRight";
				INFOPLIST_KEY_UISupportedInterfaceOrientations_iPhone = "UIInterfaceOrientationPortrait UIInterfaceOrientationLandscapeLeft UIInterfaceOrientationLandscapeRight";
				LD_RUNPATH_SEARCH_PATHS = (
					"$(inherited)",
					"@executable_path/Frameworks",
				);
				MARKETING_VERSION = 1.0;
				PRODUCT_BUNDLE_IDENTIFIER = lizi.chichua.Lecture17;
				PRODUCT_NAME = "$(TARGET_NAME)";
				SWIFT_EMIT_LOC_STRINGS = YES;
				SWIFT_VERSION = 5.0;
				TARGETED_DEVICE_FAMILY = "1,2";
			};
			name = Release;
		};
/* End XCBuildConfiguration section */

/* Begin XCConfigurationList section */
		D387082A2D33D295007EFF77 /* Build configuration list for PBXProject "Lecture17" */ = {
			isa = XCConfigurationList;
			buildConfigurations = (
				D38708412D33D297007EFF77 /* Debug */,
				D38708422D33D297007EFF77 /* Release */,
			);
			defaultConfigurationIsVisible = 0;
			defaultConfigurationName = Release;
		};
		D38708432D33D297007EFF77 /* Build configuration list for PBXNativeTarget "Lecture17" */ = {
			isa = XCConfigurationList;
			buildConfigurations = (
				D38708442D33D297007EFF77 /* Debug */,
				D38708452D33D297007EFF77 /* Release */,
			);
			defaultConfigurationIsVisible = 0;
			defaultConfigurationName = Release;
		};
/* End XCConfigurationList section */
	};
	rootObject = D38708272D33D295007EFF77 /* Project object */;
}
